
Microsoft Visual Studio Solution File, Format Version 12.00
# Visual Studio Version 17
VisualStudioVersion = 17.6.33723.286
MinimumVisualStudioVersion = 10.0.40219.1
Project("{FAE04EC0-301F-11D3-BF4B-00C04F79EFBC}") = "Bubble", "Bubble\Bubble.csproj", "{19A95DD8-5B75-4553-B1BB-52EB7AA0628B}"
EndProject
Global
	GlobalSection(SolutionConfigurationPlatforms) = preSolution
		Debug|Any CPU = Debug|Any CPU
		Release|Any CPU = Release|Any CPU
	EndGlobalSection
	GlobalSection(ProjectConfigurationPlatforms) = postSolution
		{19A95DD8-5B75-4553-B1BB-52EB7AA0628B}.Debug|Any CPU.ActiveCfg = Debug|Any CPU
		{19A95DD8-5B75-4553-B1BB-52EB7AA0628B}.Debug|Any CPU.Build.0 = Debug|Any CPU
		{19A95DD8-5B75-4553-B1BB-52EB7AA0628B}.Release|Any CPU.ActiveCfg = Release|Any CPU
		{19A95DD8-5B75-4553-B1BB-52EB7AA0628B}.Release|Any CPU.Build.0 = Release|Any CPU
	EndGlobalSection
	GlobalSection(SolutionProperties) = preSolution
		HideSolutionNode = FALSE
	EndGlobalSection
	GlobalSection(ExtensibilityGlobals) = postSolution
		SolutionGuid = {807401B2-0535-4BF7-8EFC-CF8B0F899430}
	EndGlobalSection
EndGlobal
